<Solution>
  <Folder Name="/samples/">
    <Project Path="samples/OrcaCore.SampleHost/OrcaCore.SampleHost.csproj" />
    <Project Path="samples/OrcaCore.SampleHost/BrokerAdapters/OrcaCore.SampleHost.BrokerAdapters.csproj" />
  </Folder>
  <Folder Name="/src/">
    <Project Path="src/OrcaCore.Abstractions/OrcaCore.csproj" />
    <Project Path="src/OrcaCore.Core/OrcaCore.Core.csproj" />
    <Project Path="src/OrcaCore.Runtime.Protocol/OrcaCore.Runtime.Protocol.csproj" />
    <Project Path="src/OrcaCore.Provider.Abstractions/OrcaCore.Provider.Abstractions.csproj" />
    <Project Path="src/OrcaCore.Engine.Durable/OrcaCore.Engine.Durable.csproj" />
    <Project Path="src/OrcaCore.Engine.Ephemeral/OrcaCore.Engine.Ephemeral.csproj" />
    <Project Path="src/OrcaCore.Durable.Hosting/OrcaCore.Durable.Hosting.csproj" />
    <Project Path="src/OrcaCore.Providers.InMemory/OrcaCore.Providers.InMemory.csproj" />
    <Project Path="src/OrcaCore.Providers.PostgreSql/OrcaCore.Providers.PostgreSql.csproj" />
    <Project Path="src/OrcaCore.Dag/OrcaCore.Dag.csproj" />
    <Project Path="src/OrcaCore.Dag.Hosting/OrcaCore.Dag.Hosting.csproj" />
  </Folder>
  <Folder Name="/tests/">
    <Project Path="tests/OrcaCore.Acceptance.Tests/OrcaCore.Acceptance.Tests.csproj" />
    <Project Path="tests/OrcaCore.Core.Tests/OrcaCore.Core.Tests.csproj" />
    <Project Path="tests/OrcaCore.DeveloperSurface.BehaviorContracts/OrcaCore.DeveloperSurface.BehaviorContracts.csproj" />
    <Project Path="tests/OrcaCore.DeveloperSurface.BehaviorScenarios/OrcaCore.DeveloperSurface.BehaviorScenarios.csproj" />
    <Project Path="tests/OrcaCore.DeveloperSurface.Guards/OrcaCore.DeveloperSurface.Guards.csproj" />
    <Project Path="tests/OrcaCore.Engine.Durable.Tests/OrcaCore.Engine.Durable.Tests.csproj" />
    <Project Path="tests/OrcaCore.Engine.Ephemeral.Tests/OrcaCore.Engine.Ephemeral.Tests.csproj" />
    <Project Path="tests/OrcaCore.Hosting.Tests/OrcaCore.Hosting.Tests.csproj" />
    <Project Path="tests/OrcaCore.Integration.Tests/OrcaCore.Integration.Tests.csproj" />
    <Project Path="tests/OrcaCore.ProviderCertification/OrcaCore.ProviderCertification.csproj" />
    <Project Path="tests/OrcaCore.Providers.PostgreSql.Tests/OrcaCore.Providers.PostgreSql.Tests.csproj" />
    <Project Path="tests/OrcaCore.TestSupport/OrcaCore.TestSupport.csproj" />
  </Folder>
</Solution>
